{
  "name": "test",
  "version": "1.0.0",
  "lockfileVersion": 2,
  "requires": true,
  "packages": {
    "": {
      "name": "test",
      "version": "1.0.0",
      "license": "ISC",
      "dependencies": {
        "jstoolpack": "^1.0.0"
      }
    },
    "node_modules/jstoolpack": {
      "version": "1.0.0",
      "resolved": "https://registry.npmjs.org/jstoolpack/-/jstoolpack-1.0.0.tgz",
      "integrity": "sha512-ZS/hgIU6mIk4t+57wf9pURqct2rSFERjI3DonYa55yw8WvlNG7ejrYsLrKJlB3vRtTrSdW7E3BggKqjNVqVG8g=="
    }
  },
  "dependencies": {
    "jstoolpack": {
      "version": "1.0.0",
      "resolved": "https://registry.npmjs.org/jstoolpack/-/jstoolpack-1.0.0.tgz",
      "integrity": "sha512-ZS/hgIU6mIk4t+57wf9pURqct2rSFERjI3DonYa55yw8WvlNG7ejrYsLrKJlB3vRtTrSdW7E3BggKqjNVqVG8g=="
    }
  }
}
