{
  "name": "test",
  "version": "1.0.0",
  "lockfileVersion": 2,
  "requires": true,
  "packages": {
    "": {
      "name": "test",
      "version": "1.0.0",
      "license": "ISC",
      "dependencies": {
        "duyi-jstools": "^1.0.2"
      }
    },
    "node_modules/duyi-jstools": {
      "version": "1.0.2",
      "resolved": "http://localhost:4873/duyi-jstools/-/duyi-jstools-1.0.2.tgz",
      "integrity": "sha512-RDiPiMrlaEJBiabDJTTeMXLa36sfxjGrkaiZk3hBdnThwmsuZrIDdUt5QyJL2edagA01FPRGL3h7EssWaJrfEg=="
    }
  },
  "dependencies": {
    "duyi-jstools": {
      "version": "1.0.2",
      "resolved": "http://localhost:4873/duyi-jstools/-/duyi-jstools-1.0.2.tgz",
      "integrity": "sha512-RDiPiMrlaEJBiabDJTTeMXLa36sfxjGrkaiZk3hBdnThwmsuZrIDdUt5QyJL2edagA01FPRGL3h7EssWaJrfEg=="
    }
  }
}
