{
  "name": "test",
  "version": "1.0.0",
  "lockfileVersion": 2,
  "requires": true,
  "packages": {
    "": {
      "name": "test",
      "version": "1.0.0",
      "license": "ISC",
      "dependencies": {
        "duyi-jstools": "^1.0.1"
      }
    },
    "node_modules/duyi-jstools": {
      "version": "1.0.1",
      "resolved": "https://registry.npmjs.org/duyi-jstools/-/duyi-jstools-1.0.1.tgz",
      "integrity": "sha512-9JMuz5HpxGQ8XEapU3IlJ+2QGGdkcEXEOKQDPutiS8W1vF5xhBqKIzafdSyJ+J0fx8n8+VUM+YsEv56VP5TKIA=="
    }
  },
  "dependencies": {
    "duyi-jstools": {
      "version": "1.0.1",
      "resolved": "https://registry.npmjs.org/duyi-jstools/-/duyi-jstools-1.0.1.tgz",
      "integrity": "sha512-9JMuz5HpxGQ8XEapU3IlJ+2QGGdkcEXEOKQDPutiS8W1vF5xhBqKIzafdSyJ+J0fx8n8+VUM+YsEv56VP5TKIA=="
    }
  }
}
